
Microsoft Visual Studio Solution File, Format Version 12.00
# Visual Studio Version 17
VisualStudioVersion = 17.2.32516.85
MinimumVisualStudioVersion = 10.0.40219.1
Project("{2150E333-8FDC-42A3-9474-1A3956D46DE8}") = "Presentation Layer", "Presentation Layer", "{DBBBCC12-FA60-436A-985D-BEEC1E175E1A}"
EndProject
Project("{2150E333-8FDC-42A3-9474-1A3956D46DE8}") = "Business Layer", "Business Layer", "{740E1FD9-94D6-4356-8211-4F91F71E56CC}"
EndProject
Project("{2150E333-8FDC-42A3-9474-1A3956D46DE8}") = "Data Layer", "Data Layer", "{43308211-6DAF-4797-B9C5-EDE45FB33551}"
EndProject
Project("{FAE04EC0-301F-11D3-BF4B-00C04F79EFBC}") = "FreelanceApp", "FreelanceApp\FreelanceApp.csproj", "{36AEF9B9-A11D-4A76-9758-8358AF161133}"
EndProject
Project("{FAE04EC0-301F-11D3-BF4B-00C04F79EFBC}") = "BusinessObject", "BusinessObject\BusinessObject.csproj", "{F9BC3F9A-1A13-406C-8227-E44E1C0DB544}"
EndProject
Project("{FAE04EC0-301F-11D3-BF4B-00C04F79EFBC}") = "DataAccess", "DataAccess\DataAccess.csproj", "{04B95495-AB36-43D0-BC30-10EFD90923E6}"
EndProject
Global
	GlobalSection(SolutionConfigurationPlatforms) = preSolution
		Debug|Any CPU = Debug|Any CPU
		Release|Any CPU = Release|Any CPU
	EndGlobalSection
	GlobalSection(ProjectConfigurationPlatforms) = postSolution
		{36AEF9B9-A11D-4A76-9758-8358AF161133}.Debug|Any CPU.ActiveCfg = Debug|Any CPU
		{36AEF9B9-A11D-4A76-9758-8358AF161133}.Debug|Any CPU.Build.0 = Debug|Any CPU
		{36AEF9B9-A11D-4A76-9758-8358AF161133}.Release|Any CPU.ActiveCfg = Release|Any CPU
		{36AEF9B9-A11D-4A76-9758-8358AF161133}.Release|Any CPU.Build.0 = Release|Any CPU
		{F9BC3F9A-1A13-406C-8227-E44E1C0DB544}.Debug|Any CPU.ActiveCfg = Debug|Any CPU
		{F9BC3F9A-1A13-406C-8227-E44E1C0DB544}.Debug|Any CPU.Build.0 = Debug|Any CPU
		{F9BC3F9A-1A13-406C-8227-E44E1C0DB544}.Release|Any CPU.ActiveCfg = Release|Any CPU
		{F9BC3F9A-1A13-406C-8227-E44E1C0DB544}.Release|Any CPU.Build.0 = Release|Any CPU
		{04B95495-AB36-43D0-BC30-10EFD90923E6}.Debug|Any CPU.ActiveCfg = Debug|Any CPU
		{04B95495-AB36-43D0-BC30-10EFD90923E6}.Debug|Any CPU.Build.0 = Debug|Any CPU
		{04B95495-AB36-43D0-BC30-10EFD90923E6}.Release|Any CPU.ActiveCfg = Release|Any CPU
		{04B95495-AB36-43D0-BC30-10EFD90923E6}.Release|Any CPU.Build.0 = Release|Any CPU
	EndGlobalSection
	GlobalSection(SolutionProperties) = preSolution
		HideSolutionNode = FALSE
	EndGlobalSection
	GlobalSection(NestedProjects) = preSolution
		{36AEF9B9-A11D-4A76-9758-8358AF161133} = {DBBBCC12-FA60-436A-985D-BEEC1E175E1A}
		{F9BC3F9A-1A13-406C-8227-E44E1C0DB544} = {740E1FD9-94D6-4356-8211-4F91F71E56CC}
		{04B95495-AB36-43D0-BC30-10EFD90923E6} = {43308211-6DAF-4797-B9C5-EDE45FB33551}
	EndGlobalSection
	GlobalSection(ExtensibilityGlobals) = postSolution
		SolutionGuid = {43C790DE-B961-4FCC-BCF9-CAB76844F383}
	EndGlobalSection
EndGlobal
